
Microsoft Visual Studio Solution File, Format Version 12.00
# Visual Studio 2013
VisualStudioVersion = 12.0.21005.1
MinimumVisualStudioVersion = 10.0.40219.1
Project("{FAE04EC0-301F-11D3-BF4B-00C04F79EFBC}") = "Crud_operation", "Crud_operation\Crud_operation.csproj", "{D11555A9-E24C-4B90-A7AE-AB6ED0F1E803}"
EndProject
Project("{FAE04EC0-301F-11D3-BF4B-00C04F79EFBC}") = "BusinessObject", "BusinessObject\BusinessObject.csproj", "{140604DF-5C5B-4820-A18A-0D8B6D6EA60F}"
EndProject
Project("{FAE04EC0-301F-11D3-BF4B-00C04F79EFBC}") = "BusinessLogic", "BusinessLogic\BusinessLogic.csproj", "{67093A5F-046A-4DE4-8D22-FFA12B923647}"
EndProject
Project("{FAE04EC0-301F-11D3-BF4B-00C04F79EFBC}") = "DataLogicLayer", "DataLogicLayer\DataLogicLayer.csproj", "{6E058114-CFAB-4664-A499-2EABF6F3895B}"
EndProject
Global
	GlobalSection(SolutionConfigurationPlatforms) = preSolution
		Debug|Any CPU = Debug|Any CPU
		Release|Any CPU = Release|Any CPU
	EndGlobalSection
	GlobalSection(ProjectConfigurationPlatforms) = postSolution
		{D11555A9-E24C-4B90-A7AE-AB6ED0F1E803}.Debug|Any CPU.ActiveCfg = Debug|Any CPU
		{D11555A9-E24C-4B90-A7AE-AB6ED0F1E803}.Debug|Any CPU.Build.0 = Debug|Any CPU
		{D11555A9-E24C-4B90-A7AE-AB6ED0F1E803}.Release|Any CPU.ActiveCfg = Release|Any CPU
		{D11555A9-E24C-4B90-A7AE-AB6ED0F1E803}.Release|Any CPU.Build.0 = Release|Any CPU
		{140604DF-5C5B-4820-A18A-0D8B6D6EA60F}.Debug|Any CPU.ActiveCfg = Debug|Any CPU
		{140604DF-5C5B-4820-A18A-0D8B6D6EA60F}.Debug|Any CPU.Build.0 = Debug|Any CPU
		{140604DF-5C5B-4820-A18A-0D8B6D6EA60F}.Release|Any CPU.ActiveCfg = Release|Any CPU
		{140604DF-5C5B-4820-A18A-0D8B6D6EA60F}.Release|Any CPU.Build.0 = Release|Any CPU
		{67093A5F-046A-4DE4-8D22-FFA12B923647}.Debug|Any CPU.ActiveCfg = Debug|Any CPU
		{67093A5F-046A-4DE4-8D22-FFA12B923647}.Debug|Any CPU.Build.0 = Debug|Any CPU
		{67093A5F-046A-4DE4-8D22-FFA12B923647}.Release|Any CPU.ActiveCfg = Release|Any CPU
		{67093A5F-046A-4DE4-8D22-FFA12B923647}.Release|Any CPU.Build.0 = Release|Any CPU
		{6E058114-CFAB-4664-A499-2EABF6F3895B}.Debug|Any CPU.ActiveCfg = Debug|Any CPU
		{6E058114-CFAB-4664-A499-2EABF6F3895B}.Debug|Any CPU.Build.0 = Debug|Any CPU
		{6E058114-CFAB-4664-A499-2EABF6F3895B}.Release|Any CPU.ActiveCfg = Release|Any CPU
		{6E058114-CFAB-4664-A499-2EABF6F3895B}.Release|Any CPU.Build.0 = Release|Any CPU
	EndGlobalSection
	GlobalSection(SolutionProperties) = preSolution
		HideSolutionNode = FALSE
	EndGlobalSection
EndGlobal
